
Microsoft Visual Studio Solution File, Format Version 12.00
# Visual Studio Version 17
VisualStudioVersion = 17.13.35825.156 d17.13
MinimumVisualStudioVersion = 10.0.40219.1
Project("{FAE04EC0-301F-11D3-BF4B-00C04F79EFBC}") = "Rommanel.Test.API", "Rommanel.Test.API\Rommanel.Test.API.csproj", "{DBF2DF00-FC57-4EBC-B1E2-3DA90F1099D0}"
EndProject
Global
	GlobalSection(SolutionConfigurationPlatforms) = preSolution
		Debug|Any CPU = Debug|Any CPU
		Release|Any CPU = Release|Any CPU
	EndGlobalSection
	GlobalSection(ProjectConfigurationPlatforms) = postSolution
		{DBF2DF00-FC57-4EBC-B1E2-3DA90F1099D0}.Debug|Any CPU.ActiveCfg = Debug|Any CPU
		{DBF2DF00-FC57-4EBC-B1E2-3DA90F1099D0}.Debug|Any CPU.Build.0 = Debug|Any CPU
		{DBF2DF00-FC57-4EBC-B1E2-3DA90F1099D0}.Release|Any CPU.ActiveCfg = Release|Any CPU
		{DBF2DF00-FC57-4EBC-B1E2-3DA90F1099D0}.Release|Any CPU.Build.0 = Release|Any CPU
	EndGlobalSection
	GlobalSection(SolutionProperties) = preSolution
		HideSolutionNode = FALSE
	EndGlobalSection
	GlobalSection(ExtensibilityGlobals) = postSolution
		SolutionGuid = {8D6CFBCF-6F32-4452-9119-3449985D36F3}
	EndGlobalSection
EndGlobal
